
Microsoft Visual Studio Solution File, Format Version 12.00
# Visual Studio Version 17
VisualStudioVersion = 17.7.34031.279
MinimumVisualStudioVersion = 10.0.40219.1
Project("{FAE04EC0-301F-11D3-BF4B-00C04F79EFBC}") = "carrito", "carrito\carrito.csproj", "{9FB8A3F9-74C5-4C8B-9C9C-A174C864B3DB}"
EndProject
Global
	GlobalSection(SolutionConfigurationPlatforms) = preSolution
		Debug|Any CPU = Debug|Any CPU
		Release|Any CPU = Release|Any CPU
	EndGlobalSection
	GlobalSection(ProjectConfigurationPlatforms) = postSolution
		{9FB8A3F9-74C5-4C8B-9C9C-A174C864B3DB}.Debug|Any CPU.ActiveCfg = Debug|Any CPU
		{9FB8A3F9-74C5-4C8B-9C9C-A174C864B3DB}.Debug|Any CPU.Build.0 = Debug|Any CPU
		{9FB8A3F9-74C5-4C8B-9C9C-A174C864B3DB}.Release|Any CPU.ActiveCfg = Release|Any CPU
		{9FB8A3F9-74C5-4C8B-9C9C-A174C864B3DB}.Release|Any CPU.Build.0 = Release|Any CPU
	EndGlobalSection
	GlobalSection(SolutionProperties) = preSolution
		HideSolutionNode = FALSE
	EndGlobalSection
	GlobalSection(ExtensibilityGlobals) = postSolution
		SolutionGuid = {AB04E007-53B7-4F6E-9F48-4D7FFE30DACB}
	EndGlobalSection
EndGlobal
